{
  "name": "yiya-straight-doctor",
  "version": "1.0.3",
  "lockfileVersion": 2,
  "requires": true,
  "packages": {
    "": {
      "dependencies": {
        "goeasy": "^2.4.3"
      }
    },
    "node_modules/goeasy": {
      "version": "2.4.3",
      "resolved": "https://registry.npmmirror.com/goeasy/-/goeasy-2.4.3.tgz",
      "integrity": "sha512-tupz9KYgorz0OIq97lppviBz65rd0EBuwR1uKRjNsFnPTXnzLYK2Kc22P+YSsr0Ud5D8MdtYMiVtWF1y53Qiew=="
    }
  },
  "dependencies": {
    "goeasy": {
      "version": "2.4.3",
      "resolved": "https://registry.npmmirror.com/goeasy/-/goeasy-2.4.3.tgz",
      "integrity": "sha512-tupz9KYgorz0OIq97lppviBz65rd0EBuwR1uKRjNsFnPTXnzLYK2Kc22P+YSsr0Ud5D8MdtYMiVtWF1y53Qiew=="
    }
  }
}
